// !$*UTF8*$!
{
	archiveVersion = 1;
	classes = {
	};
	objectVersion = 51;
	objects = {

/* Begin PBXBuildFile section */
		5E88AB88AB227682BEC2A106 /* Pods_Wallachof.framework in Frameworks */ = {isa = PBXBuildFile; fileRef = 2134E9F613A9C8716EBE032D /* Pods_Wallachof.framework */; };
		D9021C732292F8AA00E772F0 /* AppDelegate.swift in Sources */ = {isa = PBXBuildFile; fileRef = D9021C722292F8AA00E772F0 /* AppDelegate.swift */; };
		D9021C752292F8AA00E772F0 /* ViewController.swift in Sources */ = {isa = PBXBuildFile; fileRef = D9021C742292F8AA00E772F0 /* ViewController.swift */; };
		D9021C782292F8AA00E772F0 /* Main.storyboard in Resources */ = {isa = PBXBuildFile; fileRef = D9021C762292F8AA00E772F0 /* Main.storyboard */; };
		D9021C7B2292F8AA00E772F0 /* Wallachof.xcdatamodeld in Sources */ = {isa = PBXBuildFile; fileRef = D9021C792292F8AA00E772F0 /* Wallachof.xcdatamodeld */; };
		D9021C7D2292F8AB00E772F0 /* Assets.xcassets in Resources */ = {isa = PBXBuildFile; fileRef = D9021C7C2292F8AB00E772F0 /* Assets.xcassets */; };
		D9021C802292F8AB00E772F0 /* LaunchScreen.storyboard in Resources */ = {isa = PBXBuildFile; fileRef = D9021C7E2292F8AB00E772F0 /* LaunchScreen.storyboard */; };
		D93830462296F3C1004D9464 /* Auth.storyboard in Resources */ = {isa = PBXBuildFile; fileRef = D93830452296F3C1004D9464 /* Auth.storyboard */; };
		D93830482296FAB6004D9464 /* UIVIew+Styles.swift in Sources */ = {isa = PBXBuildFile; fileRef = D93830472296FAB6004D9464 /* UIVIew+Styles.swift */; };
		D938304B2296FD96004D9464 /* AuthViewController.swift in Sources */ = {isa = PBXBuildFile; fileRef = D938304A2296FD96004D9464 /* AuthViewController.swift */; };
		D93CBCD22294426900C9D3D0 /* AddProductViewController.swift in Sources */ = {isa = PBXBuildFile; fileRef = D93CBCD12294426900C9D3D0 /* AddProductViewController.swift */; };
		D93CBCD422945DEB00C9D3D0 /* UImage+Resize.swift in Sources */ = {isa = PBXBuildFile; fileRef = D93CBCD322945DEB00C9D3D0 /* UImage+Resize.swift */; };
		D950E5DE2295A08800657A2D /* MapViewController.swift in Sources */ = {isa = PBXBuildFile; fileRef = D950E5DD2295A08800657A2D /* MapViewController.swift */; };
		D950E5E12295A15E00657A2D /* MapKit.framework in Frameworks */ = {isa = PBXBuildFile; fileRef = D950E5E02295A15E00657A2D /* MapKit.framework */; };
		D950E5E32295AC2400657A2D /* PointOfInterest.swift in Sources */ = {isa = PBXBuildFile; fileRef = D950E5E22295AC2400657A2D /* PointOfInterest.swift */; };
		D9ECF55F229306F1002397EB /* Product+CoreDataClass.swift in Sources */ = {isa = PBXBuildFile; fileRef = D9ECF55D229306F1002397EB /* Product+CoreDataClass.swift */; };
		D9ECF560229306F1002397EB /* Product+CoreDataProperties.swift in Sources */ = {isa = PBXBuildFile; fileRef = D9ECF55E229306F1002397EB /* Product+CoreDataProperties.swift */; };
		D9ECF587229329C9002397EB /* CoreManagerData.swift in Sources */ = {isa = PBXBuildFile; fileRef = D9ECF586229329C9002397EB /* CoreManagerData.swift */; };
/* End PBXBuildFile section */

/* Begin PBXFileReference section */
		1CC260EB7378D2DA11E5EA6C /* Pods-Wallachof.debug.xcconfig */ = {isa = PBXFileReference; includeInIndex = 1; lastKnownFileType = text.xcconfig; name = "Pods-Wallachof.debug.xcconfig"; path = "Target Support Files/Pods-Wallachof/Pods-Wallachof.debug.xcconfig"; sourceTree = "<group>"; };
		2134E9F613A9C8716EBE032D /* Pods_Wallachof.framework */ = {isa = PBXFileReference; explicitFileType = wrapper.framework; includeInIndex = 0; path = Pods_Wallachof.framework; sourceTree = BUILT_PRODUCTS_DIR; };
		C29925666081FDF674F05CB4 /* Pods-Wallachof.release.xcconfig */ = {isa = PBXFileReference; includeInIndex = 1; lastKnownFileType = text.xcconfig; name = "Pods-Wallachof.release.xcconfig"; path = "Target Support Files/Pods-Wallachof/Pods-Wallachof.release.xcconfig"; sourceTree = "<group>"; };
		D9021C6F2292F8AA00E772F0 /* Wallachof.app */ = {isa = PBXFileReference; explicitFileType = wrapper.application; includeInIndex = 0; path = Wallachof.app; sourceTree = BUILT_PRODUCTS_DIR; };
		D9021C722292F8AA00E772F0 /* AppDelegate.swift */ = {isa = PBXFileReference; lastKnownFileType = sourcecode.swift; path = AppDelegate.swift; sourceTree = "<group>"; };
		D9021C742292F8AA00E772F0 /* ViewController.swift */ = {isa = PBXFileReference; lastKnownFileType = sourcecode.swift; path = ViewController.swift; sourceTree = "<group>"; };
		D9021C772292F8AA00E772F0 /* Base */ = {isa = PBXFileReference; lastKnownFileType = file.storyboard; name = Base; path = Base.lproj/Main.storyboard; sourceTree = "<group>"; };
		D9021C7A2292F8AA00E772F0 /* Wallachof.xcdatamodel */ = {isa = PBXFileReference; lastKnownFileType = wrapper.xcdatamodel; path = Wallachof.xcdatamodel; sourceTree = "<group>"; };
		D9021C7C2292F8AB00E772F0 /* Assets.xcassets */ = {isa = PBXFileReference; lastKnownFileType = folder.assetcatalog; path = Assets.xcassets; sourceTree = "<group>"; };
		D9021C7F2292F8AB00E772F0 /* Base */ = {isa = PBXFileReference; lastKnownFileType = file.storyboard; name = Base; path = Base.lproj/LaunchScreen.storyboard; sourceTree = "<group>"; };
		D9021C812292F8AB00E772F0 /* Info.plist */ = {isa = PBXFileReference; lastKnownFileType = text.plist.xml; path = Info.plist; sourceTree = "<group>"; };
		D93830432296F3A2004D9464 /* Auth.storyboard */ = {isa = PBXFileReference; lastKnownFileType = file.storyboard; name = Auth.storyboard; path = /Users/Dev2/Documents/Wallachof/Wallachof/coreData/Auth.storyboard; sourceTree = "<absolute>"; };
		D93830442296F3A7004D9464 /* Auth.storyboard */ = {isa = PBXFileReference; lastKnownFileType = file.storyboard; name = Auth.storyboard; path = /Users/Dev2/Documents/Wallachof/Wallachof/coreData/Auth.storyboard; sourceTree = "<absolute>"; };
		D93830452296F3C1004D9464 /* Auth.storyboard */ = {isa = PBXFileReference; lastKnownFileType = file.storyboard; path = Auth.storyboard; sourceTree = "<group>"; };
		D93830472296FAB6004D9464 /* UIVIew+Styles.swift */ = {isa = PBXFileReference; lastKnownFileType = sourcecode.swift; path = "UIVIew+Styles.swift"; sourceTree = "<group>"; };
		D938304A2296FD96004D9464 /* AuthViewController.swift */ = {isa = PBXFileReference; lastKnownFileType = sourcecode.swift; path = AuthViewController.swift; sourceTree = "<group>"; };
		D93CBCD12294426900C9D3D0 /* AddProductViewController.swift */ = {isa = PBXFileReference; lastKnownFileType = sourcecode.swift; path = AddProductViewController.swift; sourceTree = "<group>"; };
		D93CBCD322945DEB00C9D3D0 /* UImage+Resize.swift */ = {isa = PBXFileReference; lastKnownFileType = sourcecode.swift; path = "UImage+Resize.swift"; sourceTree = "<group>"; };
		D950E5DD2295A08800657A2D /* MapViewController.swift */ = {isa = PBXFileReference; lastKnownFileType = sourcecode.swift; path = MapViewController.swift; sourceTree = "<group>"; };
		D950E5E02295A15E00657A2D /* MapKit.framework */ = {isa = PBXFileReference; lastKnownFileType = wrapper.framework; name = MapKit.framework; path = System/Library/Frameworks/MapKit.framework; sourceTree = SDKROOT; };
		D950E5E22295AC2400657A2D /* PointOfInterest.swift */ = {isa = PBXFileReference; lastKnownFileType = sourcecode.swift; path = PointOfInterest.swift; sourceTree = "<group>"; };
		D9ECF55D229306F1002397EB /* Product+CoreDataClass.swift */ = {isa = PBXFileReference; lastKnownFileType = sourcecode.swift; name = "Product+CoreDataClass.swift"; path = "../Product+CoreDataClass.swift"; sourceTree = "<group>"; };
		D9ECF55E229306F1002397EB /* Product+CoreDataProperties.swift */ = {isa = PBXFileReference; lastKnownFileType = sourcecode.swift; path = "Product+CoreDataProperties.swift"; sourceTree = "<group>"; };
		D9ECF586229329C9002397EB /* CoreManagerData.swift */ = {isa = PBXFileReference; lastKnownFileType = sourcecode.swift; path = CoreManagerData.swift; sourceTree = "<group>"; };
/* End PBXFileReference section */

/* Begin PBXFrameworksBuildPhase section */
		D9021C6C2292F8AA00E772F0 /* Frameworks */ = {
			isa = PBXFrameworksBuildPhase;
			buildActionMask = 2147483647;
			files = (
				D950E5E12295A15E00657A2D /* MapKit.framework in Frameworks */,
				5E88AB88AB227682BEC2A106 /* Pods_Wallachof.framework in Frameworks */,
			);
			runOnlyForDeploymentPostprocessing = 0;
		};
/* End PBXFrameworksBuildPhase section */

/* Begin PBXGroup section */
		9B42451CE8C4711A3DD3B67B /* Pods */ = {
			isa = PBXGroup;
			children = (
				1CC260EB7378D2DA11E5EA6C /* Pods-Wallachof.debug.xcconfig */,
				C29925666081FDF674F05CB4 /* Pods-Wallachof.release.xcconfig */,
			);
			path = Pods;
			sourceTree = "<group>";
		};
		D9021C662292F8AA00E772F0 = {
			isa = PBXGroup;
			children = (
				D9021C712292F8AA00E772F0 /* Wallachof */,
				D9021C702292F8AA00E772F0 /* Products */,
				D950E5DF2295A15E00657A2D /* Frameworks */,
				9B42451CE8C4711A3DD3B67B /* Pods */,
			);
			sourceTree = "<group>";
		};
		D9021C702292F8AA00E772F0 /* Products */ = {
			isa = PBXGroup;
			children = (
				D9021C6F2292F8AA00E772F0 /* Wallachof.app */,
			);
			name = Products;
			sourceTree = "<group>";
		};
		D9021C712292F8AA00E772F0 /* Wallachof */ = {
			isa = PBXGroup;
			children = (
				D938304C22970131004D9464 /* Help */,
				D93830492296FD6F004D9464 /* Auth */,
				D9021C8B2293023800E772F0 /* coreData */,
				D9021C722292F8AA00E772F0 /* AppDelegate.swift */,
				D9021C742292F8AA00E772F0 /* ViewController.swift */,
				D9021C762292F8AA00E772F0 /* Main.storyboard */,
				D950E5DD2295A08800657A2D /* MapViewController.swift */,
				D950E5E22295AC2400657A2D /* PointOfInterest.swift */,
				D93CBCD12294426900C9D3D0 /* AddProductViewController.swift */,
				D9ECF586229329C9002397EB /* CoreManagerData.swift */,
				D9021C7C2292F8AB00E772F0 /* Assets.xcassets */,
				D9021C7E2292F8AB00E772F0 /* LaunchScreen.storyboard */,
				D9021C812292F8AB00E772F0 /* Info.plist */,
				D9021C792292F8AA00E772F0 /* Wallachof.xcdatamodeld */,
				D93830452296F3C1004D9464 /* Auth.storyboard */,
			);
			path = Wallachof;
			sourceTree = "<group>";
		};
		D9021C8B2293023800E772F0 /* coreData */ = {
			isa = PBXGroup;
			children = (
				D93830432296F3A2004D9464 /* Auth.storyboard */,
				D93830442296F3A7004D9464 /* Auth.storyboard */,
				D9ECF55D229306F1002397EB /* Product+CoreDataClass.swift */,
				D9ECF55E229306F1002397EB /* Product+CoreDataProperties.swift */,
			);
			path = coreData;
			sourceTree = "<group>";
		};
		D93830492296FD6F004D9464 /* Auth */ = {
			isa = PBXGroup;
			children = (
				D938304A2296FD96004D9464 /* AuthViewController.swift */,
			);
			path = Auth;
			sourceTree = "<group>";
		};
		D938304C22970131004D9464 /* Help */ = {
			isa = PBXGroup;
			children = (
				D93CBCD322945DEB00C9D3D0 /* UImage+Resize.swift */,
				D93830472296FAB6004D9464 /* UIVIew+Styles.swift */,
			);
			path = Help;
			sourceTree = "<group>";
		};
		D950E5DF2295A15E00657A2D /* Frameworks */ = {
			isa = PBXGroup;
			children = (
				D950E5E02295A15E00657A2D /* MapKit.framework */,
				2134E9F613A9C8716EBE032D /* Pods_Wallachof.framework */,
			);
			name = Frameworks;
			sourceTree = "<group>";
		};
/* End PBXGroup section */

/* Begin PBXNativeTarget section */
		D9021C6E2292F8AA00E772F0 /* Wallachof */ = {
			isa = PBXNativeTarget;
			buildConfigurationList = D9021C842292F8AB00E772F0 /* Build configuration list for PBXNativeTarget "Wallachof" */;
			buildPhases = (
				02AA88E447454C83539E2AAF /* [CP] Check Pods Manifest.lock */,
				D9021C6B2292F8AA00E772F0 /* Sources */,
				D9021C6C2292F8AA00E772F0 /* Frameworks */,
				D9021C6D2292F8AA00E772F0 /* Resources */,
				D4EE45D0B4045E97AC24C073 /* [CP] Embed Pods Frameworks */,
			);
			buildRules = (
			);
			dependencies = (
			);
			name = Wallachof;
			productName = Wallachof;
			productReference = D9021C6F2292F8AA00E772F0 /* Wallachof.app */;
			productType = "com.apple.product-type.application";
		};
/* End PBXNativeTarget section */

/* Begin PBXProject section */
		D9021C672292F8AA00E772F0 /* Project object */ = {
			isa = PBXProject;
			attributes = {
				LastSwiftUpdateCheck = 1020;
				LastUpgradeCheck = 1020;
				ORGANIZATIONNAME = CFTIC;
				TargetAttributes = {
					D9021C6E2292F8AA00E772F0 = {
						CreatedOnToolsVersion = 10.2.1;
						SystemCapabilities = {
							com.apple.Maps.iOS = {
								enabled = 1;
							};
						};
					};
				};
			};
			buildConfigurationList = D9021C6A2292F8AA00E772F0 /* Build configuration list for PBXProject "Wallachof" */;
			compatibilityVersion = "Xcode 9.3";
			developmentRegion = en;
			hasScannedForEncodings = 0;
			knownRegions = (
				en,
				Base,
			);
			mainGroup = D9021C662292F8AA00E772F0;
			productRefGroup = D9021C702292F8AA00E772F0 /* Products */;
			projectDirPath = "";
			projectRoot = "";
			targets = (
				D9021C6E2292F8AA00E772F0 /* Wallachof */,
			);
		};
/* End PBXProject section */

/* Begin PBXResourcesBuildPhase section */
		D9021C6D2292F8AA00E772F0 /* Resources */ = {
			isa = PBXResourcesBuildPhase;
			buildActionMask = 2147483647;
			files = (
				D93830462296F3C1004D9464 /* Auth.storyboard in Resources */,
				D9021C802292F8AB00E772F0 /* LaunchScreen.storyboard in Resources */,
				D9021C7D2292F8AB00E772F0 /* Assets.xcassets in Resources */,
				D9021C782292F8AA00E772F0 /* Main.storyboard in Resources */,
			);
			runOnlyForDeploymentPostprocessing = 0;
		};
/* End PBXResourcesBuildPhase section */

/* Begin PBXShellScriptBuildPhase section */
		02AA88E447454C83539E2AAF /* [CP] Check Pods Manifest.lock */ = {
			isa = PBXShellScriptBuildPhase;
			buildActionMask = 2147483647;
			files = (
			);
			inputFileListPaths = (
			);
			inputPaths = (
				"${PODS_PODFILE_DIR_PATH}/Podfile.lock",
				"${PODS_ROOT}/Manifest.lock",
			);
			name = "[CP] Check Pods Manifest.lock";
			outputFileListPaths = (
			);
			outputPaths = (
				"$(DERIVED_FILE_DIR)/Pods-Wallachof-checkManifestLockResult.txt",
			);
			runOnlyForDeploymentPostprocessing = 0;
			shellPath = /bin/sh;
			shellScript = "diff \"${PODS_PODFILE_DIR_PATH}/Podfile.lock\" \"${PODS_ROOT}/Manifest.lock\" > /dev/null\nif [ $? != 0 ] ; then\n    # print error to STDERR\n    echo \"error: The sandbox is not in sync with the Podfile.lock. Run 'pod install' or update your CocoaPods installation.\" >&2\n    exit 1\nfi\n# This output is used by Xcode 'outputs' to avoid re-running this script phase.\necho \"SUCCESS\" > \"${SCRIPT_OUTPUT_FILE_0}\"\n";
			showEnvVarsInLog = 0;
		};
		D4EE45D0B4045E97AC24C073 /* [CP] Embed Pods Frameworks */ = {
			isa = PBXShellScriptBuildPhase;
			buildActionMask = 2147483647;
			files = (
			);
			inputFileListPaths = (
				"${PODS_ROOT}/Target Support Files/Pods-Wallachof/Pods-Wallachof-frameworks-${CONFIGURATION}-input-files.xcfilelist",
			);
			name = "[CP] Embed Pods Frameworks";
			outputFileListPaths = (
				"${PODS_ROOT}/Target Support Files/Pods-Wallachof/Pods-Wallachof-frameworks-${CONFIGURATION}-output-files.xcfilelist",
			);
			runOnlyForDeploymentPostprocessing = 0;
			shellPath = /bin/sh;
			shellScript = "\"${PODS_ROOT}/Target Support Files/Pods-Wallachof/Pods-Wallachof-frameworks.sh\"\n";
			showEnvVarsInLog = 0;
		};
/* End PBXShellScriptBuildPhase section */

/* Begin PBXSourcesBuildPhase section */
		D9021C6B2292F8AA00E772F0 /* Sources */ = {
			isa = PBXSourcesBuildPhase;
			buildActionMask = 2147483647;
			files = (
				D9ECF560229306F1002397EB /* Product+CoreDataProperties.swift in Sources */,
				D93CBCD22294426900C9D3D0 /* AddProductViewController.swift in Sources */,
				D9021C752292F8AA00E772F0 /* ViewController.swift in Sources */,
				D93830482296FAB6004D9464 /* UIVIew+Styles.swift in Sources */,
				D938304B2296FD96004D9464 /* AuthViewController.swift in Sources */,
				D93CBCD422945DEB00C9D3D0 /* UImage+Resize.swift in Sources */,
				D950E5DE2295A08800657A2D /* MapViewController.swift in Sources */,
				D9ECF587229329C9002397EB /* CoreManagerData.swift in Sources */,
				D9021C732292F8AA00E772F0 /* AppDelegate.swift in Sources */,
				D950E5E32295AC2400657A2D /* PointOfInterest.swift in Sources */,
				D9021C7B2292F8AA00E772F0 /* Wallachof.xcdatamodeld in Sources */,
				D9ECF55F229306F1002397EB /* Product+CoreDataClass.swift in Sources */,
			);
			runOnlyForDeploymentPostprocessing = 0;
		};
/* End PBXSourcesBuildPhase section */

/* Begin PBXVariantGroup section */
		D9021C762292F8AA00E772F0 /* Main.storyboard */ = {
			isa = PBXVariantGroup;
			children = (
				D9021C772292F8AA00E772F0 /* Base */,
			);
			name = Main.storyboard;
			sourceTree = "<group>";
		};
		D9021C7E2292F8AB00E772F0 /* LaunchScreen.storyboard */ = {
			isa = PBXVariantGroup;
			children = (
				D9021C7F2292F8AB00E772F0 /* Base */,
			);
			name = LaunchScreen.storyboard;
			sourceTree = "<group>";
		};
/* End PBXVariantGroup section */

/* Begin XCBuildConfiguration section */
		D9021C822292F8AB00E772F0 /* Debug */ = {
			isa = XCBuildConfiguration;
			buildSettings = {
				ALWAYS_SEARCH_USER_PATHS = NO;
				CLANG_ANALYZER_NONNULL = YES;
				CLANG_ANALYZER_NUMBER_OBJECT_CONVERSION = YES_AGGRESSIVE;
				CLANG_CXX_LANGUAGE_STANDARD = "gnu++14";
				CLANG_CXX_LIBRARY = "libc++";
				CLANG_ENABLE_MODULES = YES;
				CLANG_ENABLE_OBJC_ARC = YES;
				CLANG_ENABLE_OBJC_WEAK = YES;
				CLANG_WARN_BLOCK_CAPTURE_AUTORELEASING = YES;
				CLANG_WARN_BOOL_CONVERSION = YES;
				CLANG_WARN_COMMA = YES;
				CLANG_WARN_CONSTANT_CONVERSION = YES;
				CLANG_WARN_DEPRECATED_OBJC_IMPLEMENTATIONS = YES;
				CLANG_WARN_DIRECT_OBJC_ISA_USAGE = YES_ERROR;
				CLANG_WARN_DOCUMENTATION_COMMENTS = YES;
				CLANG_WARN_EMPTY_BODY = YES;
				CLANG_WARN_ENUM_CONVERSION = YES;
				CLANG_WARN_INFINITE_RECURSION = YES;
				CLANG_WARN_INT_CONVERSION = YES;
				CLANG_WARN_NON_LITERAL_NULL_CONVERSION = YES;
				CLANG_WARN_OBJC_IMPLICIT_RETAIN_SELF = YES;
				CLANG_WARN_OBJC_LITERAL_CONVERSION = YES;
				CLANG_WARN_OBJC_ROOT_CLASS = YES_ERROR;
				CLANG_WARN_RANGE_LOOP_ANALYSIS = YES;
				CLANG_WARN_STRICT_PROTOTYPES = YES;
				CLANG_WARN_SUSPICIOUS_MOVE = YES;
				CLANG_WARN_UNGUARDED_AVAILABILITY = YES_AGGRESSIVE;
				CLANG_WARN_UNREACHABLE_CODE = YES;
				CLANG_WARN__DUPLICATE_METHOD_MATCH = YES;
				CODE_SIGN_IDENTITY = "iPhone Developer";
				COPY_PHASE_STRIP = NO;
				DEBUG_INFORMATION_FORMAT = dwarf;
				ENABLE_STRICT_OBJC_MSGSEND = YES;
				ENABLE_TESTABILITY = YES;
				GCC_C_LANGUAGE_STANDARD = gnu11;
				GCC_DYNAMIC_NO_PIC = NO;
				GCC_NO_COMMON_BLOCKS = YES;
				GCC_OPTIMIZATION_LEVEL = 0;
				GCC_PREPROCESSOR_DEFINITIONS = (
					"DEBUG=1",
					"$(inherited)",
				);
				GCC_WARN_64_TO_32_BIT_CONVERSION = YES;
				GCC_WARN_ABOUT_RETURN_TYPE = YES_ERROR;
				GCC_WARN_UNDECLARED_SELECTOR = YES;
				GCC_WARN_UNINITIALIZED_AUTOS = YES_AGGRESSIVE;
				GCC_WARN_UNUSED_FUNCTION = YES;
				GCC_WARN_UNUSED_VARIABLE = YES;
				IPHONEOS_DEPLOYMENT_TARGET = 12.2;
				MTL_ENABLE_DEBUG_INFO = INCLUDE_SOURCE;
				MTL_FAST_MATH = YES;
				ONLY_ACTIVE_ARCH = YES;
				SDKROOT = iphoneos;
				SWIFT_ACTIVE_COMPILATION_CONDITIONS = DEBUG;
				SWIFT_OPTIMIZATION_LEVEL = "-Onone";
			};
			name = Debug;
		};
		D9021C832292F8AB00E772F0 /* Release */ = {
			isa = XCBuildConfiguration;
			buildSettings = {
				ALWAYS_SEARCH_USER_PATHS = NO;
				CLANG_ANALYZER_NONNULL = YES;
				CLANG_ANALYZER_NUMBER_OBJECT_CONVERSION = YES_AGGRESSIVE;
				CLANG_CXX_LANGUAGE_STANDARD = "gnu++14";
				CLANG_CXX_LIBRARY = "libc++";
				CLANG_ENABLE_MODULES = YES;
				CLANG_ENABLE_OBJC_ARC = YES;
				CLANG_ENABLE_OBJC_WEAK = YES;
				CLANG_WARN_BLOCK_CAPTURE_AUTORELEASING = YES;
				CLANG_WARN_BOOL_CONVERSION = YES;
				CLANG_WARN_COMMA = YES;
				CLANG_WARN_CONSTANT_CONVERSION = YES;
				CLANG_WARN_DEPRECATED_OBJC_IMPLEMENTATIONS = YES;
				CLANG_WARN_DIRECT_OBJC_ISA_USAGE = YES_ERROR;
				CLANG_WARN_DOCUMENTATION_COMMENTS = YES;
				CLANG_WARN_EMPTY_BODY = YES;
				CLANG_WARN_ENUM_CONVERSION = YES;
				CLANG_WARN_INFINITE_RECURSION = YES;
				CLANG_WARN_INT_CONVERSION = YES;
				CLANG_WARN_NON_LITERAL_NULL_CONVERSION = YES;
				CLANG_WARN_OBJC_IMPLICIT_RETAIN_SELF = YES;
				CLANG_WARN_OBJC_LITERAL_CONVERSION = YES;
				CLANG_WARN_OBJC_ROOT_CLASS = YES_ERROR;
				CLANG_WARN_RANGE_LOOP_ANALYSIS = YES;
				CLANG_WARN_STRICT_PROTOTYPES = YES;
				CLANG_WARN_SUSPICIOUS_MOVE = YES;
				CLANG_WARN_UNGUARDED_AVAILABILITY = YES_AGGRESSIVE;
				CLANG_WARN_UNREACHABLE_CODE = YES;
				CLANG_WARN__DUPLICATE_METHOD_MATCH = YES;
				CODE_SIGN_IDENTITY = "iPhone Developer";
				COPY_PHASE_STRIP = NO;
				DEBUG_INFORMATION_FORMAT = "dwarf-with-dsym";
				ENABLE_NS_ASSERTIONS = NO;
				ENABLE_STRICT_OBJC_MSGSEND = YES;
				GCC_C_LANGUAGE_STANDARD = gnu11;
				GCC_NO_COMMON_BLOCKS = YES;
				GCC_WARN_64_TO_32_BIT_CONVERSION = YES;
				GCC_WARN_ABOUT_RETURN_TYPE = YES_ERROR;
				GCC_WARN_UNDECLARED_SELECTOR = YES;
				GCC_WARN_UNINITIALIZED_AUTOS = YES_AGGRESSIVE;
				GCC_WARN_UNUSED_FUNCTION = YES;
				GCC_WARN_UNUSED_VARIABLE = YES;
				IPHONEOS_DEPLOYMENT_TARGET = 12.2;
				MTL_ENABLE_DEBUG_INFO = NO;
				MTL_FAST_MATH = YES;
				SDKROOT = iphoneos;
				SWIFT_COMPILATION_MODE = wholemodule;
				SWIFT_OPTIMIZATION_LEVEL = "-O";
				VALIDATE_PRODUCT = YES;
			};
			name = Release;
		};
		D9021C852292F8AB00E772F0 /* Debug */ = {
			isa = XCBuildConfiguration;
			baseConfigurationReference = 1CC260EB7378D2DA11E5EA6C /* Pods-Wallachof.debug.xcconfig */;
			buildSettings = {
				ASSETCATALOG_COMPILER_APPICON_NAME = AppIcon;
				CODE_SIGN_STYLE = Automatic;
				DEVELOPMENT_TEAM = F8WM62TG74;
				INFOPLIST_FILE = Wallachof/Info.plist;
				LD_RUNPATH_SEARCH_PATHS = (
					"$(inherited)",
					"@executable_path/Frameworks",
				);
				PRODUCT_BUNDLE_IDENTIFIER = CFTIC.Wallachof;
				PRODUCT_NAME = "$(TARGET_NAME)";
				SWIFT_VERSION = 5.0;
				TARGETED_DEVICE_FAMILY = "1,2";
			};
			name = Debug;
		};
		D9021C862292F8AB00E772F0 /* Release */ = {
			isa = XCBuildConfiguration;
			baseConfigurationReference = C29925666081FDF674F05CB4 /* Pods-Wallachof.release.xcconfig */;
			buildSettings = {
				ASSETCATALOG_COMPILER_APPICON_NAME = AppIcon;
				CODE_SIGN_STYLE = Automatic;
				DEVELOPMENT_TEAM = F8WM62TG74;
				INFOPLIST_FILE = Wallachof/Info.plist;
				LD_RUNPATH_SEARCH_PATHS = (
					"$(inherited)",
					"@executable_path/Frameworks",
				);
				PRODUCT_BUNDLE_IDENTIFIER = CFTIC.Wallachof;
				PRODUCT_NAME = "$(TARGET_NAME)";
				SWIFT_VERSION = 5.0;
				TARGETED_DEVICE_FAMILY = "1,2";
			};
			name = Release;
		};
/* End XCBuildConfiguration section */

/* Begin XCConfigurationList section */
		D9021C6A2292F8AA00E772F0 /* Build configuration list for PBXProject "Wallachof" */ = {
			isa = XCConfigurationList;
			buildConfigurations = (
				D9021C822292F8AB00E772F0 /* Debug */,
				D9021C832292F8AB00E772F0 /* Release */,
			);
			defaultConfigurationIsVisible = 0;
			defaultConfigurationName = Release;
		};
		D9021C842292F8AB00E772F0 /* Build configuration list for PBXNativeTarget "Wallachof" */ = {
			isa = XCConfigurationList;
			buildConfigurations = (
				D9021C852292F8AB00E772F0 /* Debug */,
				D9021C862292F8AB00E772F0 /* Release */,
			);
			defaultConfigurationIsVisible = 0;
			defaultConfigurationName = Release;
		};
/* End XCConfigurationList section */

/* Begin XCVersionGroup section */
		D9021C792292F8AA00E772F0 /* Wallachof.xcdatamodeld */ = {
			isa = XCVersionGroup;
			children = (
				D9021C7A2292F8AA00E772F0 /* Wallachof.xcdatamodel */,
			);
			currentVersion = D9021C7A2292F8AA00E772F0 /* Wallachof.xcdatamodel */;
			path = Wallachof.xcdatamodeld;
			sourceTree = "<group>";
			versionGroupType = wrapper.xcdatamodel;
		};
/* End XCVersionGroup section */
	};
	rootObject = D9021C672292F8AA00E772F0 /* Project object */;
}
